// !$*UTF8*$!
{
	archiveVersion = 1;
	classes = {
	};
	objectVersion = 46;
	objects = {

/* Begin PBXBuildFile section */
		0686B9721422A5FD00AC1B3B /* body000.png in Resources */ = {isa = PBXBuildFile; fileRef = 0686B95A1422A5FD00AC1B3B /* body000.png */; };
		0686B9731422A5FD00AC1B3B /* body001.png in Resources */ = {isa = PBXBuildFile; fileRef = 0686B95B1422A5FD00AC1B3B /* body001.png */; };
		0686B9781422A5FD00AC1B3B /* Tail.png in Resources */ = {isa = PBXBuildFile; fileRef = 0686B9601422A5FD00AC1B3B /* Tail.png */; };
		0686B9791422A5FD00AC1B3B /* Lwing000.png in Resources */ = {isa = PBXBuildFile; fileRef = 0686B9621422A5FD00AC1B3B /* Lwing000.png */; };
		0686B97A1422A5FD00AC1B3B /* Lwing001.png in Resources */ = {isa = PBXBuildFile; fileRef = 0686B9631422A5FD00AC1B3B /* Lwing001.png */; };
		0686B97B1422A5FD00AC1B3B /* Lwing002.png in Resources */ = {isa = PBXBuildFile; fileRef = 0686B9641422A5FD00AC1B3B /* Lwing002.png */; };
		0686B97C1422A5FD00AC1B3B /* Lwing003.png in Resources */ = {isa = PBXBuildFile; fileRef = 0686B9651422A5FD00AC1B3B /* Lwing003.png */; };
		0686B97D1422A5FD00AC1B3B /* Lwing004.png in Resources */ = {isa = PBXBuildFile; fileRef = 0686B9661422A5FD00AC1B3B /* Lwing004.png */; };
		0686B97E1422A5FD00AC1B3B /* Lwing005.png in Resources */ = {isa = PBXBuildFile; fileRef = 0686B9671422A5FD00AC1B3B /* Lwing005.png */; };
		0686B97F1422A5FD00AC1B3B /* Lwing006.png in Resources */ = {isa = PBXBuildFile; fileRef = 0686B9681422A5FD00AC1B3B /* Lwing006.png */; };
		0686B9801422A5FD00AC1B3B /* Lwing007.png in Resources */ = {isa = PBXBuildFile; fileRef = 0686B9691422A5FD00AC1B3B /* Lwing007.png */; };
		0686B9811422A5FD00AC1B3B /* Rwing000.png in Resources */ = {isa = PBXBuildFile; fileRef = 0686B96A1422A5FD00AC1B3B /* Rwing000.png */; };
		0686B9821422A5FD00AC1B3B /* Rwing001.png in Resources */ = {isa = PBXBuildFile; fileRef = 0686B96B1422A5FD00AC1B3B /* Rwing001.png */; };
		0686B9831422A5FD00AC1B3B /* Rwing002.png in Resources */ = {isa = PBXBuildFile; fileRef = 0686B96C1422A5FD00AC1B3B /* Rwing002.png */; };
		0686B9841422A5FD00AC1B3B /* Rwing003.png in Resources */ = {isa = PBXBuildFile; fileRef = 0686B96D1422A5FD00AC1B3B /* Rwing003.png */; };
		0686B9851422A5FD00AC1B3B /* Rwing004.png in Resources */ = {isa = PBXBuildFile; fileRef = 0686B96E1422A5FD00AC1B3B /* Rwing004.png */; };
		0686B9861422A5FD00AC1B3B /* Rwing005.png in Resources */ = {isa = PBXBuildFile; fileRef = 0686B96F1422A5FD00AC1B3B /* Rwing005.png */; };
		0686B9871422A5FD00AC1B3B /* Rwing006.png in Resources */ = {isa = PBXBuildFile; fileRef = 0686B9701422A5FD00AC1B3B /* Rwing006.png */; };
		0686B9881422A5FD00AC1B3B /* Rwing007.png in Resources */ = {isa = PBXBuildFile; fileRef = 0686B9711422A5FD00AC1B3B /* Rwing007.png */; };
		06B518E11422026C0010C80B /* Bird.m in Sources */ = {isa = PBXBuildFile; fileRef = 06B518E01422026C0010C80B /* Bird.m */; };
		1D3623260D0F684500981E51 /* ApplicationDelegate.m in Sources */ = {isa = PBXBuildFile; fileRef = 1D3623250D0F684500981E51 /* ApplicationDelegate.m */; };
		1D60589B0D05DD56006BFB54 /* main.m in Sources */ = {isa = PBXBuildFile; fileRef = 29B97316FDCFA39411CA2CEA /* main.m */; };
		1D60589F0D05DD5A006BFB54 /* Foundation.framework in Frameworks */ = {isa = PBXBuildFile; fileRef = 1D30AB110D05D00D00671497 /* Foundation.framework */; };
		1DF5F4E00D08C38300B7A737 /* UIKit.framework in Frameworks */ = {isa = PBXBuildFile; fileRef = 1DF5F4DF0D08C38300B7A737 /* UIKit.framework */; };
		288765FD0DF74451002DB57D /* CoreGraphics.framework in Frameworks */ = {isa = PBXBuildFile; fileRef = 288765FC0DF74451002DB57D /* CoreGraphics.framework */; };
		D35305FC141EBFDB006B2B50 /* tree.png in Resources */ = {isa = PBXBuildFile; fileRef = D35305FA141EBFDB006B2B50 /* tree.png */; };
		D35305FD141EBFDB006B2B50 /* tree@2x.png in Resources */ = {isa = PBXBuildFile; fileRef = D35305FB141EBFDB006B2B50 /* tree@2x.png */; };
		D3D16BC0141D59FC00298E6E /* level_1.plist in Resources */ = {isa = PBXBuildFile; fileRef = D3D16BBF141D59FC00298E6E /* level_1.plist */; };
		D3D16BC3141D5AFF00298E6E /* Map.m in Sources */ = {isa = PBXBuildFile; fileRef = D3D16BC2141D5AFF00298E6E /* Map.m */; };
		D3D16BC6141D5D1600298E6E /* Game.m in Sources */ = {isa = PBXBuildFile; fileRef = D3D16BC5141D5D1600298E6E /* Game.m */; };
		D3D16BC9141D602A00298E6E /* dirt.png in Resources */ = {isa = PBXBuildFile; fileRef = D3D16BC7141D602A00298E6E /* dirt.png */; };
		D3D16BCA141D602A00298E6E /* dirt@2x.png in Resources */ = {isa = PBXBuildFile; fileRef = D3D16BC8141D602A00298E6E /* dirt@2x.png */; };
		D3D5760E141D522A0016D9B7 /* Screen.m in Sources */ = {isa = PBXBuildFile; fileRef = D3D5760D141D522A0016D9B7 /* Screen.m */; };
		DE3F093811B7B9DC009D4DB0 /* AVFoundation.framework in Frameworks */ = {isa = PBXBuildFile; fileRef = DE3F093711B7B9DC009D4DB0 /* AVFoundation.framework */; };
		DE3F093A11B7B9DC009D4DB0 /* AudioToolbox.framework in Frameworks */ = {isa = PBXBuildFile; fileRef = DE3F093911B7B9DC009D4DB0 /* AudioToolbox.framework */; };
		DE3F097811B7BABD009D4DB0 /* OpenAL.framework in Frameworks */ = {isa = PBXBuildFile; fileRef = DE3F097711B7BABD009D4DB0 /* OpenAL.framework */; };
		DE4A3D7A10FFB08200FDA492 /* OpenGLES.framework in Frameworks */ = {isa = PBXBuildFile; fileRef = DE4A3D7910FFB08200FDA492 /* OpenGLES.framework */; };
		DE4A3D7F10FFB08B00FDA492 /* QuartzCore.framework in Frameworks */ = {isa = PBXBuildFile; fileRef = DE4A3D7E10FFB08B00FDA492 /* QuartzCore.framework */; };
		DE4A3DB910FFB0FE00FDA492 /* libSparrow.a in Frameworks */ = {isa = PBXBuildFile; fileRef = DE4A3DB010FFB0DB00FDA492 /* libSparrow.a */; };
		DE4A3DE510FFB2AF00FDA492 /* Stage.m in Sources */ = {isa = PBXBuildFile; fileRef = DE4A3DE410FFB2AF00FDA492 /* Stage.m */; };
		DE5C4E6E138ED109004892CA /* libz.dylib in Frameworks */ = {isa = PBXBuildFile; fileRef = DE5C4E6D138ED109004892CA /* libz.dylib */; };
/* End PBXBuildFile section */

/* Begin PBXContainerItemProxy section */
		DE4A3DAF10FFB0DB00FDA492 /* PBXContainerItemProxy */ = {
			isa = PBXContainerItemProxy;
			containerPortal = DE4A3DA210FFB0D400FDA492 /* Sparrow.xcodeproj */;
			proxyType = 2;
			remoteGlobalIDString = DEFE4BC2101B317600E22471;
			remoteInfo = Sparrow;
		};
		DE4A3DB110FFB0DB00FDA492 /* PBXContainerItemProxy */ = {
			isa = PBXContainerItemProxy;
			containerPortal = DE4A3DA210FFB0D400FDA492 /* Sparrow.xcodeproj */;
			proxyType = 2;
			remoteGlobalIDString = DEEA9335101E32A30071DD21;
			remoteInfo = UnitTests;
		};
		DE4A3DB710FFB0F500FDA492 /* PBXContainerItemProxy */ = {
			isa = PBXContainerItemProxy;
			containerPortal = DE4A3DA210FFB0D400FDA492 /* Sparrow.xcodeproj */;
			proxyType = 1;
			remoteGlobalIDString = DEFE4BC1101B317600E22471;
			remoteInfo = Sparrow;
		};
/* End PBXContainerItemProxy section */

/* Begin PBXFileReference section */
		0686B95A1422A5FD00AC1B3B /* body000.png */ = {isa = PBXFileReference; lastKnownFileType = image.png; path = body000.png; sourceTree = "<group>"; };
		0686B95B1422A5FD00AC1B3B /* body001.png */ = {isa = PBXFileReference; lastKnownFileType = image.png; path = body001.png; sourceTree = "<group>"; };
		0686B9601422A5FD00AC1B3B /* Tail.png */ = {isa = PBXFileReference; lastKnownFileType = image.png; path = Tail.png; sourceTree = "<group>"; };
		0686B9621422A5FD00AC1B3B /* Lwing000.png */ = {isa = PBXFileReference; lastKnownFileType = image.png; path = Lwing000.png; sourceTree = "<group>"; };
		0686B9631422A5FD00AC1B3B /* Lwing001.png */ = {isa = PBXFileReference; lastKnownFileType = image.png; path = Lwing001.png; sourceTree = "<group>"; };
		0686B9641422A5FD00AC1B3B /* Lwing002.png */ = {isa = PBXFileReference; lastKnownFileType = image.png; path = Lwing002.png; sourceTree = "<group>"; };
		0686B9651422A5FD00AC1B3B /* Lwing003.png */ = {isa = PBXFileReference; lastKnownFileType = image.png; path = Lwing003.png; sourceTree = "<group>"; };
		0686B9661422A5FD00AC1B3B /* Lwing004.png */ = {isa = PBXFileReference; lastKnownFileType = image.png; path = Lwing004.png; sourceTree = "<group>"; };
		0686B9671422A5FD00AC1B3B /* Lwing005.png */ = {isa = PBXFileReference; lastKnownFileType = image.png; path = Lwing005.png; sourceTree = "<group>"; };
		0686B9681422A5FD00AC1B3B /* Lwing006.png */ = {isa = PBXFileReference; lastKnownFileType = image.png; path = Lwing006.png; sourceTree = "<group>"; };
		0686B9691422A5FD00AC1B3B /* Lwing007.png */ = {isa = PBXFileReference; lastKnownFileType = image.png; path = Lwing007.png; sourceTree = "<group>"; };
		0686B96A1422A5FD00AC1B3B /* Rwing000.png */ = {isa = PBXFileReference; lastKnownFileType = image.png; path = Rwing000.png; sourceTree = "<group>"; };
		0686B96B1422A5FD00AC1B3B /* Rwing001.png */ = {isa = PBXFileReference; lastKnownFileType = image.png; path = Rwing001.png; sourceTree = "<group>"; };
		0686B96C1422A5FD00AC1B3B /* Rwing002.png */ = {isa = PBXFileReference; lastKnownFileType = image.png; path = Rwing002.png; sourceTree = "<group>"; };
		0686B96D1422A5FD00AC1B3B /* Rwing003.png */ = {isa = PBXFileReference; lastKnownFileType = image.png; path = Rwing003.png; sourceTree = "<group>"; };
		0686B96E1422A5FD00AC1B3B /* Rwing004.png */ = {isa = PBXFileReference; lastKnownFileType = image.png; path = Rwing004.png; sourceTree = "<group>"; };
		0686B96F1422A5FD00AC1B3B /* Rwing005.png */ = {isa = PBXFileReference; lastKnownFileType = image.png; path = Rwing005.png; sourceTree = "<group>"; };
		0686B9701422A5FD00AC1B3B /* Rwing006.png */ = {isa = PBXFileReference; lastKnownFileType = image.png; path = Rwing006.png; sourceTree = "<group>"; };
		0686B9711422A5FD00AC1B3B /* Rwing007.png */ = {isa = PBXFileReference; lastKnownFileType = image.png; path = Rwing007.png; sourceTree = "<group>"; };
		06B518DF1422026C0010C80B /* Bird.h */ = {isa = PBXFileReference; fileEncoding = 4; lastKnownFileType = sourcecode.c.h; path = Bird.h; sourceTree = "<group>"; };
		06B518E01422026C0010C80B /* Bird.m */ = {isa = PBXFileReference; fileEncoding = 4; lastKnownFileType = sourcecode.c.objc; path = Bird.m; sourceTree = "<group>"; };
		1D30AB110D05D00D00671497 /* Foundation.framework */ = {isa = PBXFileReference; lastKnownFileType = wrapper.framework; name = Foundation.framework; path = System/Library/Frameworks/Foundation.framework; sourceTree = SDKROOT; };
		1D3623240D0F684500981E51 /* ApplicationDelegate.h */ = {isa = PBXFileReference; fileEncoding = 4; lastKnownFileType = sourcecode.c.h; path = ApplicationDelegate.h; sourceTree = "<group>"; };
		1D3623250D0F684500981E51 /* ApplicationDelegate.m */ = {isa = PBXFileReference; fileEncoding = 4; lastKnownFileType = sourcecode.c.objc; path = ApplicationDelegate.m; sourceTree = "<group>"; };
		1D6058910D05DD3D006BFB54 /* Sparrow vs. Cocos.app */ = {isa = PBXFileReference; explicitFileType = wrapper.application; includeInIndex = 0; path = "Sparrow vs. Cocos.app"; sourceTree = BUILT_PRODUCTS_DIR; };
		1DF5F4DF0D08C38300B7A737 /* UIKit.framework */ = {isa = PBXFileReference; lastKnownFileType = wrapper.framework; name = UIKit.framework; path = System/Library/Frameworks/UIKit.framework; sourceTree = SDKROOT; };
		288765FC0DF74451002DB57D /* CoreGraphics.framework */ = {isa = PBXFileReference; lastKnownFileType = wrapper.framework; name = CoreGraphics.framework; path = System/Library/Frameworks/CoreGraphics.framework; sourceTree = SDKROOT; };
		29B97316FDCFA39411CA2CEA /* main.m */ = {isa = PBXFileReference; fileEncoding = 4; lastKnownFileType = sourcecode.c.objc; path = main.m; sourceTree = "<group>"; };
		32CA4F630368D1EE00C91783 /* Application_Prefix.pch */ = {isa = PBXFileReference; fileEncoding = 4; lastKnownFileType = sourcecode.c.h; path = Application_Prefix.pch; sourceTree = "<group>"; };
		8D1107310486CEB800E47090 /* Application-Info.plist */ = {isa = PBXFileReference; fileEncoding = 4; lastKnownFileType = text.plist.xml; path = "Application-Info.plist"; plistStructureDefinitionIdentifier = "com.apple.xcode.plist.structure-definition.iphone.info-plist"; sourceTree = "<group>"; };
		C0754A5D1421501F00582272 /* Sparrow001.png */ = {isa = PBXFileReference; lastKnownFileType = image.png; name = Sparrow001.png; path = Images/Sparrow001.png; sourceTree = "<group>"; };
		C0754A5E1421501F00582272 /* Sparrow000.png */ = {isa = PBXFileReference; lastKnownFileType = image.png; name = Sparrow000.png; path = Images/Sparrow000.png; sourceTree = "<group>"; };
		C0754A5F1421501F00582272 /* Sparrow002.png */ = {isa = PBXFileReference; lastKnownFileType = image.png; name = Sparrow002.png; path = Images/Sparrow002.png; sourceTree = "<group>"; };
		C0754A601421501F00582272 /* Sparrow003.png */ = {isa = PBXFileReference; lastKnownFileType = image.png; name = Sparrow003.png; path = Images/Sparrow003.png; sourceTree = "<group>"; };
		C0754A611421501F00582272 /* Sparrow004.png */ = {isa = PBXFileReference; lastKnownFileType = image.png; name = Sparrow004.png; path = Images/Sparrow004.png; sourceTree = "<group>"; };
		C0754A621421501F00582272 /* Sparrow005.png */ = {isa = PBXFileReference; lastKnownFileType = image.png; name = Sparrow005.png; path = Images/Sparrow005.png; sourceTree = "<group>"; };
		C0754A9C1424CDC500582272 /* Coco.h */ = {isa = PBXFileReference; fileEncoding = 4; lastKnownFileType = sourcecode.c.h; path = Coco.h; sourceTree = "<group>"; };
		C0754A9D1424CDC500582272 /* Coco.m */ = {isa = PBXFileReference; fileEncoding = 4; lastKnownFileType = sourcecode.c.objc; path = Coco.m; sourceTree = "<group>"; };
		D35305FA141EBFDB006B2B50 /* tree.png */ = {isa = PBXFileReference; lastKnownFileType = image.png; path = tree.png; sourceTree = "<group>"; };
		D35305FB141EBFDB006B2B50 /* tree@2x.png */ = {isa = PBXFileReference; lastKnownFileType = image.png; path = "tree@2x.png"; sourceTree = "<group>"; };
		D3D16BBF141D59FC00298E6E /* level_1.plist */ = {isa = PBXFileReference; fileEncoding = 4; lastKnownFileType = text.plist.xml; path = level_1.plist; sourceTree = "<group>"; };
		D3D16BC1141D5AFF00298E6E /* Map.h */ = {isa = PBXFileReference; fileEncoding = 4; lastKnownFileType = sourcecode.c.h; path = Map.h; sourceTree = "<group>"; };
		D3D16BC2141D5AFF00298E6E /* Map.m */ = {isa = PBXFileReference; fileEncoding = 4; lastKnownFileType = sourcecode.c.objc; path = Map.m; sourceTree = "<group>"; };
		D3D16BC4141D5D1600298E6E /* Game.h */ = {isa = PBXFileReference; fileEncoding = 4; lastKnownFileType = sourcecode.c.h; path = Game.h; sourceTree = "<group>"; };
		D3D16BC5141D5D1600298E6E /* Game.m */ = {isa = PBXFileReference; fileEncoding = 4; lastKnownFileType = sourcecode.c.objc; path = Game.m; sourceTree = "<group>"; };
		D3D16BC7141D602A00298E6E /* dirt.png */ = {isa = PBXFileReference; lastKnownFileType = image.png; path = dirt.png; sourceTree = "<group>"; };
		D3D16BC8141D602A00298E6E /* dirt@2x.png */ = {isa = PBXFileReference; lastKnownFileType = image.png; path = "dirt@2x.png"; sourceTree = "<group>"; };
		D3D5760C141D522A0016D9B7 /* Screen.h */ = {isa = PBXFileReference; fileEncoding = 4; lastKnownFileType = sourcecode.c.h; path = Screen.h; sourceTree = "<group>"; };
		D3D5760D141D522A0016D9B7 /* Screen.m */ = {isa = PBXFileReference; fileEncoding = 4; lastKnownFileType = sourcecode.c.objc; path = Screen.m; sourceTree = "<group>"; };
		DE3F093711B7B9DC009D4DB0 /* AVFoundation.framework */ = {isa = PBXFileReference; lastKnownFileType = wrapper.framework; name = AVFoundation.framework; path = System/Library/Frameworks/AVFoundation.framework; sourceTree = SDKROOT; };
		DE3F093911B7B9DC009D4DB0 /* AudioToolbox.framework */ = {isa = PBXFileReference; lastKnownFileType = wrapper.framework; name = AudioToolbox.framework; path = System/Library/Frameworks/AudioToolbox.framework; sourceTree = SDKROOT; };
		DE3F097711B7BABD009D4DB0 /* OpenAL.framework */ = {isa = PBXFileReference; lastKnownFileType = wrapper.framework; name = OpenAL.framework; path = System/Library/Frameworks/OpenAL.framework; sourceTree = SDKROOT; };
		DE4A3D7910FFB08200FDA492 /* OpenGLES.framework */ = {isa = PBXFileReference; lastKnownFileType = wrapper.framework; name = OpenGLES.framework; path = System/Library/Frameworks/OpenGLES.framework; sourceTree = SDKROOT; };
		DE4A3D7E10FFB08B00FDA492 /* QuartzCore.framework */ = {isa = PBXFileReference; lastKnownFileType = wrapper.framework; name = QuartzCore.framework; path = System/Library/Frameworks/QuartzCore.framework; sourceTree = SDKROOT; };
		DE4A3DA210FFB0D400FDA492 /* Sparrow.xcodeproj */ = {isa = PBXFileReference; lastKnownFileType = "wrapper.pb-project"; path = Sparrow.xcodeproj; sourceTree = SPARROW_SRC; };
		DE4A3DE310FFB2AF00FDA492 /* Stage.h */ = {isa = PBXFileReference; fileEncoding = 4; lastKnownFileType = sourcecode.c.h; path = Stage.h; sourceTree = "<group>"; };
		DE4A3DE410FFB2AF00FDA492 /* Stage.m */ = {isa = PBXFileReference; fileEncoding = 4; lastKnownFileType = sourcecode.c.objc; path = Stage.m; sourceTree = "<group>"; };
		DE5C4E6D138ED109004892CA /* libz.dylib */ = {isa = PBXFileReference; lastKnownFileType = "compiled.mach-o.dylib"; name = libz.dylib; path = usr/lib/libz.dylib; sourceTree = SDKROOT; };
/* End PBXFileReference section */

/* Begin PBXFrameworksBuildPhase section */
		1D60588F0D05DD3D006BFB54 /* Frameworks */ = {
			isa = PBXFrameworksBuildPhase;
			buildActionMask = 2147483647;
			files = (
				DE4A3DB910FFB0FE00FDA492 /* libSparrow.a in Frameworks */,
				DE5C4E6E138ED109004892CA /* libz.dylib in Frameworks */,
				1D60589F0D05DD5A006BFB54 /* Foundation.framework in Frameworks */,
				1DF5F4E00D08C38300B7A737 /* UIKit.framework in Frameworks */,
				288765FD0DF74451002DB57D /* CoreGraphics.framework in Frameworks */,
				DE4A3D7A10FFB08200FDA492 /* OpenGLES.framework in Frameworks */,
				DE4A3D7F10FFB08B00FDA492 /* QuartzCore.framework in Frameworks */,
				DE3F093811B7B9DC009D4DB0 /* AVFoundation.framework in Frameworks */,
				DE3F093A11B7B9DC009D4DB0 /* AudioToolbox.framework in Frameworks */,
				DE3F097811B7BABD009D4DB0 /* OpenAL.framework in Frameworks */,
			);
			runOnlyForDeploymentPostprocessing = 0;
		};
/* End PBXFrameworksBuildPhase section */

/* Begin PBXGroup section */
		067F1C6B14217A1F006E3743 /* Sparrow */ = {
			isa = PBXGroup;
			children = (
				0686B9591422A5FD00AC1B3B /* body */,
				0686B9601422A5FD00AC1B3B /* Tail.png */,
				0686B9611422A5FD00AC1B3B /* WingsLR */,
			);
			name = Sparrow;
			sourceTree = "<group>";
		};
		0686B9591422A5FD00AC1B3B /* body */ = {
			isa = PBXGroup;
			children = (
				0686B95A1422A5FD00AC1B3B /* body000.png */,
				0686B95B1422A5FD00AC1B3B /* body001.png */,
			);
			path = body;
			sourceTree = "<group>";
		};
		0686B9611422A5FD00AC1B3B /* WingsLR */ = {
			isa = PBXGroup;
			children = (
				0686B9621422A5FD00AC1B3B /* Lwing000.png */,
				0686B9631422A5FD00AC1B3B /* Lwing001.png */,
				0686B9641422A5FD00AC1B3B /* Lwing002.png */,
				0686B9651422A5FD00AC1B3B /* Lwing003.png */,
				0686B9661422A5FD00AC1B3B /* Lwing004.png */,
				0686B9671422A5FD00AC1B3B /* Lwing005.png */,
				0686B9681422A5FD00AC1B3B /* Lwing006.png */,
				0686B9691422A5FD00AC1B3B /* Lwing007.png */,
				0686B96A1422A5FD00AC1B3B /* Rwing000.png */,
				0686B96B1422A5FD00AC1B3B /* Rwing001.png */,
				0686B96C1422A5FD00AC1B3B /* Rwing002.png */,
				0686B96D1422A5FD00AC1B3B /* Rwing003.png */,
				0686B96E1422A5FD00AC1B3B /* Rwing004.png */,
				0686B96F1422A5FD00AC1B3B /* Rwing005.png */,
				0686B9701422A5FD00AC1B3B /* Rwing006.png */,
				0686B9711422A5FD00AC1B3B /* Rwing007.png */,
			);
			path = WingsLR;
			sourceTree = "<group>";
		};
		080E96DDFE201D6D7F000001 /* Classes */ = {
			isa = PBXGroup;
			children = (
				1D3623240D0F684500981E51 /* ApplicationDelegate.h */,
				1D3623250D0F684500981E51 /* ApplicationDelegate.m */,
				D3D5760C141D522A0016D9B7 /* Screen.h */,
				D3D5760D141D522A0016D9B7 /* Screen.m */,
				DE4A3DE310FFB2AF00FDA492 /* Stage.h */,
				DE4A3DE410FFB2AF00FDA492 /* Stage.m */,
				D3D16BC4141D5D1600298E6E /* Game.h */,
				D3D16BC5141D5D1600298E6E /* Game.m */,
				D3D16BC1141D5AFF00298E6E /* Map.h */,
				D3D16BC2141D5AFF00298E6E /* Map.m */,
<<<<<<< HEAD
				06B518DF1422026C0010C80B /* Bird.h */,
				06B518E01422026C0010C80B /* Bird.m */,
=======
				C0754A9C1424CDC500582272 /* Coco.h */,
				C0754A9D1424CDC500582272 /* Coco.m */,
>>>>>>> miniMap and Coco
			);
			path = Classes;
			sourceTree = "<group>";
		};
		19C28FACFE9D520D11CA2CBB /* Products */ = {
			isa = PBXGroup;
			children = (
				1D6058910D05DD3D006BFB54 /* Sparrow vs. Cocos.app */,
			);
			name = Products;
			sourceTree = "<group>";
		};
		29B97314FDCFA39411CA2CEA /* CustomTemplate */ = {
			isa = PBXGroup;
			children = (
				DE4A3DA210FFB0D400FDA492 /* Sparrow.xcodeproj */,
				080E96DDFE201D6D7F000001 /* Classes */,
				C0754A5C1421500C00582272 /* Images */,
				D3D16BBE141D59B500298E6E /* Levels */,
				29B97315FDCFA39411CA2CEA /* Other Sources */,
				29B97317FDCFA39411CA2CEA /* Resources */,
				29B97323FDCFA39411CA2CEA /* Frameworks */,
				19C28FACFE9D520D11CA2CBB /* Products */,
			);
			name = CustomTemplate;
			sourceTree = "<group>";
		};
		29B97315FDCFA39411CA2CEA /* Other Sources */ = {
			isa = PBXGroup;
			children = (
				32CA4F630368D1EE00C91783 /* Application_Prefix.pch */,
				29B97316FDCFA39411CA2CEA /* main.m */,
			);
			name = "Other Sources";
			sourceTree = "<group>";
		};
		29B97317FDCFA39411CA2CEA /* Resources */ = {
			isa = PBXGroup;
			children = (
				067F1C6B14217A1F006E3743 /* Sparrow */,
				D35305FA141EBFDB006B2B50 /* tree.png */,
				D35305FB141EBFDB006B2B50 /* tree@2x.png */,
				D3D16BC7141D602A00298E6E /* dirt.png */,
				D3D16BC8141D602A00298E6E /* dirt@2x.png */,
				8D1107310486CEB800E47090 /* Application-Info.plist */,
			);
			name = Resources;
			sourceTree = "<group>";
		};
		29B97323FDCFA39411CA2CEA /* Frameworks */ = {
			isa = PBXGroup;
			children = (
				DE5C4E6D138ED109004892CA /* libz.dylib */,
				DE3F093711B7B9DC009D4DB0 /* AVFoundation.framework */,
				DE3F093911B7B9DC009D4DB0 /* AudioToolbox.framework */,
				DE3F097711B7BABD009D4DB0 /* OpenAL.framework */,
				DE4A3D7E10FFB08B00FDA492 /* QuartzCore.framework */,
				DE4A3D7910FFB08200FDA492 /* OpenGLES.framework */,
				1DF5F4DF0D08C38300B7A737 /* UIKit.framework */,
				1D30AB110D05D00D00671497 /* Foundation.framework */,
				288765FC0DF74451002DB57D /* CoreGraphics.framework */,
			);
			name = Frameworks;
			sourceTree = "<group>";
		};
		C0754A5C1421500C00582272 /* Images */ = {
			isa = PBXGroup;
			children = (
				C0754A5E1421501F00582272 /* Sparrow000.png */,
				C0754A5D1421501F00582272 /* Sparrow001.png */,
				C0754A5F1421501F00582272 /* Sparrow002.png */,
				C0754A601421501F00582272 /* Sparrow003.png */,
				C0754A611421501F00582272 /* Sparrow004.png */,
				C0754A621421501F00582272 /* Sparrow005.png */,
			);
			name = Images;
			sourceTree = "<group>";
		};
		D3D16BBE141D59B500298E6E /* Levels */ = {
			isa = PBXGroup;
			children = (
				D3D16BBF141D59FC00298E6E /* level_1.plist */,
			);
			name = Levels;
			sourceTree = "<group>";
		};
		DE4A3DAB10FFB0DB00FDA492 /* Products */ = {
			isa = PBXGroup;
			children = (
				DE4A3DB010FFB0DB00FDA492 /* libSparrow.a */,
				DE4A3DB210FFB0DB00FDA492 /* UnitTest.octest */,
			);
			name = Products;
			sourceTree = "<group>";
		};
/* End PBXGroup section */

/* Begin PBXNativeTarget section */
		1D6058900D05DD3D006BFB54 /* Sparrow vs. Cocos */ = {
			isa = PBXNativeTarget;
			buildConfigurationList = 1D6058960D05DD3E006BFB54 /* Build configuration list for PBXNativeTarget "Sparrow vs. Cocos" */;
			buildPhases = (
				1D60588D0D05DD3D006BFB54 /* Resources */,
				1D60588E0D05DD3D006BFB54 /* Sources */,
				1D60588F0D05DD3D006BFB54 /* Frameworks */,
			);
			buildRules = (
			);
			dependencies = (
				DE4A3DB810FFB0F500FDA492 /* PBXTargetDependency */,
			);
			name = "Sparrow vs. Cocos";
			productName = AppScaffold;
			productReference = 1D6058910D05DD3D006BFB54 /* Sparrow vs. Cocos.app */;
			productType = "com.apple.product-type.application";
		};
/* End PBXNativeTarget section */

/* Begin PBXProject section */
		29B97313FDCFA39411CA2CEA /* Project object */ = {
			isa = PBXProject;
			attributes = {
				LastUpgradeCheck = 0410;
			};
			buildConfigurationList = C01FCF4E08A954540054247B /* Build configuration list for PBXProject "Sparrow vs. Cocos" */;
			compatibilityVersion = "Xcode 3.2";
			developmentRegion = English;
			hasScannedForEncodings = 1;
			knownRegions = (
				English,
				Japanese,
				French,
				German,
			);
			mainGroup = 29B97314FDCFA39411CA2CEA /* CustomTemplate */;
			projectDirPath = "";
			projectReferences = (
				{
					ProductGroup = DE4A3DAB10FFB0DB00FDA492 /* Products */;
					ProjectRef = DE4A3DA210FFB0D400FDA492 /* Sparrow.xcodeproj */;
				},
			);
			projectRoot = "";
			targets = (
				1D6058900D05DD3D006BFB54 /* Sparrow vs. Cocos */,
			);
		};
/* End PBXProject section */

/* Begin PBXReferenceProxy section */
		DE4A3DB010FFB0DB00FDA492 /* libSparrow.a */ = {
			isa = PBXReferenceProxy;
			fileType = archive.ar;
			path = libSparrow.a;
			remoteRef = DE4A3DAF10FFB0DB00FDA492 /* PBXContainerItemProxy */;
			sourceTree = BUILT_PRODUCTS_DIR;
		};
		DE4A3DB210FFB0DB00FDA492 /* UnitTest.octest */ = {
			isa = PBXReferenceProxy;
			fileType = wrapper.cfbundle;
			path = UnitTest.octest;
			remoteRef = DE4A3DB110FFB0DB00FDA492 /* PBXContainerItemProxy */;
			sourceTree = BUILT_PRODUCTS_DIR;
		};
/* End PBXReferenceProxy section */

/* Begin PBXResourcesBuildPhase section */
		1D60588D0D05DD3D006BFB54 /* Resources */ = {
			isa = PBXResourcesBuildPhase;
			buildActionMask = 2147483647;
			files = (
				D3D16BC0141D59FC00298E6E /* level_1.plist in Resources */,
				D3D16BC9141D602A00298E6E /* dirt.png in Resources */,
				D3D16BCA141D602A00298E6E /* dirt@2x.png in Resources */,
				D35305FC141EBFDB006B2B50 /* tree.png in Resources */,
				D35305FD141EBFDB006B2B50 /* tree@2x.png in Resources */,
				0686B9721422A5FD00AC1B3B /* body000.png in Resources */,
				0686B9731422A5FD00AC1B3B /* body001.png in Resources */,
				0686B9781422A5FD00AC1B3B /* Tail.png in Resources */,
				0686B9791422A5FD00AC1B3B /* Lwing000.png in Resources */,
				0686B97A1422A5FD00AC1B3B /* Lwing001.png in Resources */,
				0686B97B1422A5FD00AC1B3B /* Lwing002.png in Resources */,
				0686B97C1422A5FD00AC1B3B /* Lwing003.png in Resources */,
				0686B97D1422A5FD00AC1B3B /* Lwing004.png in Resources */,
				0686B97E1422A5FD00AC1B3B /* Lwing005.png in Resources */,
				0686B97F1422A5FD00AC1B3B /* Lwing006.png in Resources */,
				0686B9801422A5FD00AC1B3B /* Lwing007.png in Resources */,
				0686B9811422A5FD00AC1B3B /* Rwing000.png in Resources */,
				0686B9821422A5FD00AC1B3B /* Rwing001.png in Resources */,
				0686B9831422A5FD00AC1B3B /* Rwing002.png in Resources */,
				0686B9841422A5FD00AC1B3B /* Rwing003.png in Resources */,
				0686B9851422A5FD00AC1B3B /* Rwing004.png in Resources */,
				0686B9861422A5FD00AC1B3B /* Rwing005.png in Resources */,
				0686B9871422A5FD00AC1B3B /* Rwing006.png in Resources */,
				0686B9881422A5FD00AC1B3B /* Rwing007.png in Resources */,
			);
			runOnlyForDeploymentPostprocessing = 0;
		};
/* End PBXResourcesBuildPhase section */

/* Begin PBXSourcesBuildPhase section */
		1D60588E0D05DD3D006BFB54 /* Sources */ = {
			isa = PBXSourcesBuildPhase;
			buildActionMask = 2147483647;
			files = (
				1D60589B0D05DD56006BFB54 /* main.m in Sources */,
				1D3623260D0F684500981E51 /* ApplicationDelegate.m in Sources */,
				DE4A3DE510FFB2AF00FDA492 /* Stage.m in Sources */,
				D3D5760E141D522A0016D9B7 /* Screen.m in Sources */,
				D3D16BC3141D5AFF00298E6E /* Map.m in Sources */,
				D3D16BC6141D5D1600298E6E /* Game.m in Sources */,
<<<<<<< HEAD
				06B518E11422026C0010C80B /* Bird.m in Sources */,
=======
				C0754A9E1424CDC500582272 /* Coco.m in Sources */,
>>>>>>> miniMap and Coco
			);
			runOnlyForDeploymentPostprocessing = 0;
		};
/* End PBXSourcesBuildPhase section */

/* Begin PBXTargetDependency section */
		DE4A3DB810FFB0F500FDA492 /* PBXTargetDependency */ = {
			isa = PBXTargetDependency;
			name = Sparrow;
			targetProxy = DE4A3DB710FFB0F500FDA492 /* PBXContainerItemProxy */;
		};
/* End PBXTargetDependency section */

/* Begin XCBuildConfiguration section */
		1D6058940D05DD3E006BFB54 /* Debug */ = {
			isa = XCBuildConfiguration;
			buildSettings = {
				COPY_PHASE_STRIP = NO;
				GCC_DYNAMIC_NO_PIC = NO;
				GCC_OPTIMIZATION_LEVEL = 0;
				GCC_PRECOMPILE_PREFIX_HEADER = YES;
				GCC_PREFIX_HEADER = Application_Prefix.pch;
				GCC_VERSION = com.apple.compilers.llvmgcc42;
				INFOPLIST_FILE = "Application-Info.plist";
				IPHONEOS_DEPLOYMENT_TARGET = 4.0;
				PRODUCT_NAME = "Sparrow vs. Cocos";
			};
			name = Debug;
		};
		1D6058950D05DD3E006BFB54 /* Release */ = {
			isa = XCBuildConfiguration;
			buildSettings = {
				COPY_PHASE_STRIP = YES;
				GCC_PRECOMPILE_PREFIX_HEADER = YES;
				GCC_PREFIX_HEADER = Application_Prefix.pch;
				GCC_VERSION = com.apple.compilers.llvmgcc42;
				INFOPLIST_FILE = "Application-Info.plist";
				IPHONEOS_DEPLOYMENT_TARGET = 4.0;
				PRODUCT_NAME = "Sparrow vs. Cocos";
			};
			name = Release;
		};
		C01FCF4F08A954540054247B /* Debug */ = {
			isa = XCBuildConfiguration;
			buildSettings = {
				ARCHS = "$(ARCHS_STANDARD_32_BIT)";
				"CODE_SIGN_IDENTITY[sdk=iphoneos*]" = "iPhone Developer";
				GCC_C_LANGUAGE_STANDARD = c99;
				GCC_THUMB_SUPPORT = NO;
				GCC_WARN_ABOUT_RETURN_TYPE = YES;
				GCC_WARN_UNUSED_VARIABLE = YES;
				OTHER_LDFLAGS = (
					"-ObjC",
					"-all_load",
				);
				SDKROOT = iphoneos;
				USER_HEADER_SEARCH_PATHS = "${SPARROW_SRC}/**";
			};
			name = Debug;
		};
		C01FCF5008A954540054247B /* Release */ = {
			isa = XCBuildConfiguration;
			buildSettings = {
				ARCHS = "$(ARCHS_STANDARD_32_BIT)";
				"CODE_SIGN_IDENTITY[sdk=iphoneos*]" = "iPhone Developer";
				GCC_C_LANGUAGE_STANDARD = c99;
				GCC_THUMB_SUPPORT = NO;
				GCC_WARN_ABOUT_RETURN_TYPE = YES;
				GCC_WARN_UNUSED_VARIABLE = YES;
				OTHER_LDFLAGS = (
					"-ObjC",
					"-all_load",
				);
				SDKROOT = iphoneos;
				USER_HEADER_SEARCH_PATHS = "${SPARROW_SRC}/**";
			};
			name = Release;
		};
/* End XCBuildConfiguration section */

/* Begin XCConfigurationList section */
		1D6058960D05DD3E006BFB54 /* Build configuration list for PBXNativeTarget "Sparrow vs. Cocos" */ = {
			isa = XCConfigurationList;
			buildConfigurations = (
				1D6058940D05DD3E006BFB54 /* Debug */,
				1D6058950D05DD3E006BFB54 /* Release */,
			);
			defaultConfigurationIsVisible = 0;
			defaultConfigurationName = Release;
		};
		C01FCF4E08A954540054247B /* Build configuration list for PBXProject "Sparrow vs. Cocos" */ = {
			isa = XCConfigurationList;
			buildConfigurations = (
				C01FCF4F08A954540054247B /* Debug */,
				C01FCF5008A954540054247B /* Release */,
			);
			defaultConfigurationIsVisible = 0;
			defaultConfigurationName = Release;
		};
/* End XCConfigurationList section */
	};
	rootObject = 29B97313FDCFA39411CA2CEA /* Project object */;
}
